
Microsoft Visual Studio Solution File, Format Version 12.00
# Visual Studio Version 17
VisualStudioVersion = 17.1.32328.378
MinimumVisualStudioVersion = 10.0.40219.1
Project("{FAE04EC0-301F-11D3-BF4B-00C04F79EFBC}") = "Sorres", "Sorres\Sorres.csproj", "{B1363B1F-71A7-414A-A9F1-A149CB864ED5}"
EndProject
Global
	GlobalSection(SolutionConfigurationPlatforms) = preSolution
		Debug|Any CPU = Debug|Any CPU
		Release|Any CPU = Release|Any CPU
	EndGlobalSection
	GlobalSection(ProjectConfigurationPlatforms) = postSolution
		{B1363B1F-71A7-414A-A9F1-A149CB864ED5}.Debug|Any CPU.ActiveCfg = Debug|Any CPU
		{B1363B1F-71A7-414A-A9F1-A149CB864ED5}.Debug|Any CPU.Build.0 = Debug|Any CPU
		{B1363B1F-71A7-414A-A9F1-A149CB864ED5}.Release|Any CPU.ActiveCfg = Release|Any CPU
		{B1363B1F-71A7-414A-A9F1-A149CB864ED5}.Release|Any CPU.Build.0 = Release|Any CPU
	EndGlobalSection
	GlobalSection(SolutionProperties) = preSolution
		HideSolutionNode = FALSE
	EndGlobalSection
	GlobalSection(ExtensibilityGlobals) = postSolution
		SolutionGuid = {B90C0838-FF15-4F76-9D90-58668655BDDF}
	EndGlobalSection
EndGlobal
